
Microsoft Visual Studio Solution File, Format Version 12.00
# Visual Studio Version 16
VisualStudioVersion = 16.0.31025.194
MinimumVisualStudioVersion = 10.0.40219.1
Project("{FAE04EC0-301F-11D3-BF4B-00C04F79EFBC}") = "Example", "Example\Example.csproj", "{7807B77E-7DBF-45EF-8989-2315BD539F31}"
EndProject
Global
	GlobalSection(SolutionConfigurationPlatforms) = preSolution
		Debug|Any CPU = Debug|Any CPU
		Release|Any CPU = Release|Any CPU
	EndGlobalSection
	GlobalSection(ProjectConfigurationPlatforms) = postSolution
		{7807B77E-7DBF-45EF-8989-2315BD539F31}.Debug|Any CPU.ActiveCfg = Debug|Any CPU
		{7807B77E-7DBF-45EF-8989-2315BD539F31}.Debug|Any CPU.Build.0 = Debug|Any CPU
		{7807B77E-7DBF-45EF-8989-2315BD539F31}.Release|Any CPU.ActiveCfg = Release|Any CPU
		{7807B77E-7DBF-45EF-8989-2315BD539F31}.Release|Any CPU.Build.0 = Release|Any CPU
	EndGlobalSection
	GlobalSection(SolutionProperties) = preSolution
		HideSolutionNode = FALSE
	EndGlobalSection
	GlobalSection(ExtensibilityGlobals) = postSolution
		SolutionGuid = {6601586F-CE7C-44D2-86FA-FE9549040E77}
	EndGlobalSection
EndGlobal
