
Microsoft Visual Studio Solution File, Format Version 12.00
# Visual Studio Version 16
VisualStudioVersion = 16.0.31025.194
MinimumVisualStudioVersion = 10.0.40219.1
Project("{FAE04EC0-301F-11D3-BF4B-00C04F79EFBC}") = "Test_one_to_one", "Test_one_to_one\Test_one_to_one.csproj", "{3E45830A-1A74-487F-96DE-C123CE1F1EF9}"
EndProject
Global
	GlobalSection(SolutionConfigurationPlatforms) = preSolution
		Debug|Any CPU = Debug|Any CPU
		Release|Any CPU = Release|Any CPU
	EndGlobalSection
	GlobalSection(ProjectConfigurationPlatforms) = postSolution
		{3E45830A-1A74-487F-96DE-C123CE1F1EF9}.Debug|Any CPU.ActiveCfg = Debug|Any CPU
		{3E45830A-1A74-487F-96DE-C123CE1F1EF9}.Debug|Any CPU.Build.0 = Debug|Any CPU
		{3E45830A-1A74-487F-96DE-C123CE1F1EF9}.Release|Any CPU.ActiveCfg = Release|Any CPU
		{3E45830A-1A74-487F-96DE-C123CE1F1EF9}.Release|Any CPU.Build.0 = Release|Any CPU
	EndGlobalSection
	GlobalSection(SolutionProperties) = preSolution
		HideSolutionNode = FALSE
	EndGlobalSection
	GlobalSection(ExtensibilityGlobals) = postSolution
		SolutionGuid = {E591DCCC-7439-4CB6-ACA8-2563D0E8F5E3}
	EndGlobalSection
EndGlobal
